{
  "name": "CSharp_Agular",
  "lockfileVersion": 2,
  "requires": true,
  "packages": {
    "": {
      "dependencies": {
        "xng": "^3.1.1"
      }
    },
    "node_modules/lodash": {
      "version": "4.17.21",
      "resolved": "https://registry.npmjs.org/lodash/-/lodash-4.17.21.tgz",
      "integrity": "sha512-v2kDEe57lecTulaDIuNTPy3Ry4gLGJ6Z1O3vE1krgXZNrsQ+LFTGHVxVjcXPs17LhbZVGedAJv8XZ1tvj5FvSg=="
    },
    "node_modules/xng": {
      "version": "3.1.1",
      "resolved": "https://registry.npmjs.org/xng/-/xng-3.1.1.tgz",
      "integrity": "sha512-a5GPblWSlws2TiROfMvm/o2mztAib8yAoHmMQhu+14NghRiY+lP3uC072HYi/E0DbWQTj5fiW925n5zzBs2oDQ==",
      "dependencies": {
        "lodash": "^4.17.4"
      }
    }
  },
  "dependencies": {
    "lodash": {
      "version": "4.17.21",
      "resolved": "https://registry.npmjs.org/lodash/-/lodash-4.17.21.tgz",
      "integrity": "sha512-v2kDEe57lecTulaDIuNTPy3Ry4gLGJ6Z1O3vE1krgXZNrsQ+LFTGHVxVjcXPs17LhbZVGedAJv8XZ1tvj5FvSg=="
    },
    "xng": {
      "version": "3.1.1",
      "resolved": "https://registry.npmjs.org/xng/-/xng-3.1.1.tgz",
      "integrity": "sha512-a5GPblWSlws2TiROfMvm/o2mztAib8yAoHmMQhu+14NghRiY+lP3uC072HYi/E0DbWQTj5fiW925n5zzBs2oDQ==",
      "requires": {
        "lodash": "^4.17.4"
      }
    }
  }
}
